<?xml version="1.0" encoding="utf-8"?>
<Project ToolsVersion="4.0" xmlns="http://schemas.microsoft.com/developer/msbuild/2003">
  <ItemGroup>
    <Filter Include="소스 파일">
      <UniqueIdentifier>{4FC737F1-C7A5-4376-A066-2A32D752A2FF}</UniqueIdentifier>
      <Extensions>cpp;c;cc;cxx;def;odl;idl;hpj;bat;asm;asmx</Extensions>
    </Filter>
    <Filter Include="리소스 파일">
      <UniqueIdentifier>{67DA6AB6-F800-4c08-8B7A-83BB121AAD01}</UniqueIdentifier>
      <Extensions>rc;ico;cur;bmp;dlg;rc2;rct;bin;rgs;gif;jpg;jpeg;jpe;resx;tiff;tif;png;wav;mfcribbon-ms</Extensions>
    </Filter>
    <Filter Include="소스 파일\01.C">
      <UniqueIdentifier>{f9e5c29c-5824-426f-9913-deea0819936c}</UniqueIdentifier>
    </Filter>
    <Filter Include="소스 파일\02.Cpp">
      <UniqueIdentifier>{5250481b-2057-4093-a8b9-f46d4a7fbcd0}</UniqueIdentifier>
    </Filter>
    <Filter Include="소스 파일\02.Cpp\Effective_cpp">
      <UniqueIdentifier>{791b189f-ea07-4b77-890c-ab9fdeb57963}</UniqueIdentifier>
    </Filter>
    <Filter Include="소스 파일\03.C_sharp">
      <UniqueIdentifier>{769e5aa2-1bf3-443b-9efd-f357ff16792f}</UniqueIdentifier>
    </Filter>
    <Filter Include="소스 파일\02.Cpp\OOP_Design_Pattern">
      <UniqueIdentifier>{c3c38b77-3edb-45ab-9390-60aba19324d0}</UniqueIdentifier>
    </Filter>
    <Filter Include="소스 파일\02.Cpp\강의">
      <UniqueIdentifier>{1fce7e19-700e-4160-aca4-326a3df53466}</UniqueIdentifier>
    </Filter>
    <Filter Include="소스 파일\헤더 파일">
      <UniqueIdentifier>{93995380-89BD-4b04-88EB-625FBE52EBFB}</UniqueIdentifier>
      <Extensions>h;hh;hpp;hxx;hm;inl;inc;ipp;xsd</Extensions>
    </Filter>
  </ItemGroup>
  <ItemGroup>
    <ClCompile Include="..\01.C\1주차 - 1(선분 충).c">
      <Filter>소스 파일\01.C</Filter>
    </ClCompile>
    <ClCompile Include="..\01.C\1주차 - 2(역삼각).c">
      <Filter>소스 파일\01.C</Filter>
    </ClCompile>
    <ClCompile Include="..\01.C\1주차 - 3(사각 충돌).c">
      <Filter>소스 파일\01.C</Filter>
    </ClCompile>
    <ClCompile Include="..\01.C\1주차 - 4(원 충).c">
      <Filter>소스 파일\01.C</Filter>
    </ClCompile>
    <ClCompile Include="..\01.C\1주차 - 5(원 사각 충).c">
      <Filter>소스 파일\01.C</Filter>
    </ClCompile>
    <ClCompile Include="..\01.C\1주차 - 6(자료구조 - 리스트).c">
      <Filter>소스 파일\01.C</Filter>
    </ClCompile>
    <ClCompile Include="..\01.C\2주차 - 1(학원강의1).c">
      <Filter>소스 파일\01.C</Filter>
    </ClCompile>
    <ClCompile Include="..\01.C\2주차 - 2(학원강의2).c">
      <Filter>소스 파일\01.C</Filter>
    </ClCompile>
    <ClCompile Include="..\01.C\2주차 - 3(malloc행렬과제).c">
      <Filter>소스 파일\01.C</Filter>
    </ClCompile>
    <ClCompile Include="..\01.C\2주차 - 4(삼항연산).c">
      <Filter>소스 파일\01.C</Filter>
    </ClCompile>
    <ClCompile Include="..\01.C\3주차 - 1(학원강).c">
      <Filter>소스 파일\01.C</Filter>
    </ClCompile>
    <ClCompile Include="..\01.C\3주차 - 2(리스트 만들다 실).c">
      <Filter>소스 파일\01.C</Filter>
    </ClCompile>
    <ClCompile Include="..\01.C\4주차 - 1(강사님 리스트).c">
      <Filter>소스 파일\01.C</Filter>
    </ClCompile>
    <ClCompile Include="..\01.C\4주차 - 2(지렁이게임).c">
      <Filter>소스 파일\01.C</Filter>
    </ClCompile>
    <ClCompile Include="..\01.C\4주차 - 3(지렁이게임 개정).c">
      <Filter>소스 파일\01.C</Filter>
    </ClCompile>
    <ClCompile Include="..\01.C\4주차 - 4(다른 학생 지렁이 게임).c">
      <Filter>소스 파일\01.C</Filter>
    </ClCompile>
    <ClCompile Include="..\01.C\4주차 - 5(테트리스).c">
      <Filter>소스 파일\01.C</Filter>
    </ClCompile>
    <ClCompile Include="..\01.C\4주차 - 6(테트리스 참고1).c">
      <Filter>소스 파일\01.C</Filter>
    </ClCompile>
    <ClCompile Include="..\01.C\4주차 - 7(테트리스 참고2).c">
      <Filter>소스 파일\01.C</Filter>
    </ClCompile>
    <ClCompile Include="..\02.Cpp\OOP_Design_Pattern\01.객체지향과절차지향.cpp">
      <Filter>소스 파일\02.Cpp\OOP_Design_Pattern</Filter>
    </ClCompile>
    <ClCompile Include="..\02.Cpp\OOP_Design_Pattern\02.객체.cpp">
      <Filter>소스 파일\02.Cpp\OOP_Design_Pattern</Filter>
    </ClCompile>
    <ClCompile Include="..\02.Cpp\OOP_Design_Pattern\04.의존.cpp">
      <Filter>소스 파일\02.Cpp\OOP_Design_Pattern</Filter>
    </ClCompile>
    <ClCompile Include="..\02.Cpp\OOP_Design_Pattern\05.캡슐화.cpp">
      <Filter>소스 파일\02.Cpp\OOP_Design_Pattern</Filter>
    </ClCompile>
    <ClCompile Include="..\02.Cpp\강의\5주차 - 1(교육자료).cpp">
      <Filter>소스 파일\02.Cpp\강의</Filter>
    </ClCompile>
    <ClCompile Include="..\02.Cpp\강의\5주차 - 2(보드게임1).cpp">
      <Filter>소스 파일\02.Cpp\강의</Filter>
    </ClCompile>
    <ClCompile Include="..\02.Cpp\강의\5주차 - 3(보드게임2).cpp">
      <Filter>소스 파일\02.Cpp\강의</Filter>
    </ClCompile>
    <ClCompile Include="..\02.Cpp\강의\5주차 - 4(HW1801-1).cpp">
      <Filter>소스 파일\02.Cpp\강의</Filter>
    </ClCompile>
    <ClCompile Include="..\02.Cpp\강의\6주차 - 1(강의 자료).cpp">
      <Filter>소스 파일\02.Cpp\강의</Filter>
    </ClCompile>
    <ClCompile Include="..\02.Cpp\강의\6주차 - 2(원형 리스트 연습).cpp">
      <Filter>소스 파일\02.Cpp\강의</Filter>
    </ClCompile>
    <ClCompile Include="..\02.Cpp\강의\6주차 - 3(다중상속 다이아몬드).cpp">
      <Filter>소스 파일\02.Cpp\강의</Filter>
    </ClCompile>
    <ClCompile Include="..\02.Cpp\강의\6주차 - 4(코딩 연습).cpp">
      <Filter>소스 파일\02.Cpp\강의</Filter>
    </ClCompile>
    <ClCompile Include="..\02.Cpp\강의\6주차 - 5(템플릿).cpp">
      <Filter>소스 파일\02.Cpp\강의</Filter>
    </ClCompile>
    <ClCompile Include="..\02.Cpp\강의\6주차 - 6(레퍼런스 참조자).cpp">
      <Filter>소스 파일\02.Cpp\강의</Filter>
    </ClCompile>
    <ClCompile Include="..\02.Cpp\강의\7주차 - 1(강의 자료).cpp">
      <Filter>소스 파일\02.Cpp\강의</Filter>
    </ClCompile>
    <ClCompile Include="..\02.Cpp\강의\7주차 - 2(알고리즘 연습).cpp">
      <Filter>소스 파일\02.Cpp\강의</Filter>
    </ClCompile>
    <ClCompile Include="..\02.Cpp\강의\7주차 - 3(클래스 원형큐)X.cpp">
      <Filter>소스 파일\02.Cpp\강의</Filter>
    </ClCompile>
    <ClCompile Include="..\02.Cpp\강의\7주차 - 4(벡터 컨테이너).cpp">
      <Filter>소스 파일\02.Cpp\강의</Filter>
    </ClCompile>
    <ClCompile Include="..\02.Cpp\강의\7주차 - 5(deuqe 컨테이너).cpp">
      <Filter>소스 파일\02.Cpp\강의</Filter>
    </ClCompile>
    <ClCompile Include="..\02.Cpp\OOP_Design_Pattern\07.재사용_상속보단_조립.cpp">
      <Filter>소스 파일\02.Cpp\OOP_Design_Pattern</Filter>
    </ClCompile>
    <ClCompile Include="..\02.Cpp\OOP_Design_Pattern\08.설계원칙_SOLID.cpp">
      <Filter>소스 파일\02.Cpp\OOP_Design_Pattern</Filter>
    </ClCompile>
    <ClCompile Include="..\02.Cpp\OOP_Design_Pattern\10.전략패턴.cpp">
      <Filter>소스 파일\02.Cpp\OOP_Design_Pattern</Filter>
    </ClCompile>
    <ClCompile Include="..\02.Cpp\OOP_Design_Pattern\11.템플릿메서드패턴.cpp">
      <Filter>소스 파일\02.Cpp\OOP_Design_Pattern</Filter>
    </ClCompile>
    <ClCompile Include="..\02.Cpp\OOP_Design_Pattern\12.상태패턴.cpp">
      <Filter>소스 파일\02.Cpp\OOP_Design_Pattern</Filter>
    </ClCompile>
    <ClCompile Include="..\02.Cpp\OOP_Design_Pattern\09.디자인_패턴이란.cpp">
      <Filter>소스 파일\02.Cpp\OOP_Design_Pattern</Filter>
    </ClCompile>
    <ClCompile Include="..\02.Cpp\OOP_Design_Pattern\03.객체의_책임과_크기.cpp">
      <Filter>소스 파일\02.Cpp\OOP_Design_Pattern</Filter>
    </ClCompile>
    <ClCompile Include="..\02.Cpp\OOP_Design_Pattern\06.다형성과_추상타입.cpp">
      <Filter>소스 파일\02.Cpp\OOP_Design_Pattern</Filter>
    </ClCompile>
    <ClCompile Include="..\02.Cpp\OOP_Design_Pattern\13.데코레이터패턴.cpp">
      <Filter>소스 파일\02.Cpp\OOP_Design_Pattern</Filter>
    </ClCompile>
    <ClCompile Include="..\02.Cpp\OOP_Design_Pattern\14.프록시패턴.cpp">
      <Filter>소스 파일\02.Cpp\OOP_Design_Pattern</Filter>
    </ClCompile>
    <ClCompile Include="..\02.Cpp\OOP_Design_Pattern\15.어댑터패턴.cpp">
      <Filter>소스 파일\02.Cpp\OOP_Design_Pattern</Filter>
    </ClCompile>
    <ClCompile Include="..\02.Cpp\OOP_Design_Pattern\16.옵저버패턴.cpp">
      <Filter>소스 파일\02.Cpp\OOP_Design_Pattern</Filter>
    </ClCompile>
    <ClCompile Include="..\02.Cpp\OOP_Design_Pattern\17.미디에이터 패턴.cpp">
      <Filter>소스 파일\02.Cpp\OOP_Design_Pattern</Filter>
    </ClCompile>
    <ClCompile Include="..\02.Cpp\OOP_Design_Pattern\18.파사드패턴.cpp">
      <Filter>소스 파일\02.Cpp\OOP_Design_Pattern</Filter>
    </ClCompile>
    <ClCompile Include="..\02.Cpp\OOP_Design_Pattern\19.추상팩토리패턴.cpp">
      <Filter>소스 파일\02.Cpp\OOP_Design_Pattern</Filter>
    </ClCompile>
    <ClCompile Include="..\02.Cpp\OOP_Design_Pattern\20.컴포지트패턴.cpp">
      <Filter>소스 파일\02.Cpp\OOP_Design_Pattern</Filter>
    </ClCompile>
    <ClCompile Include="..\02.Cpp\OOP_Design_Pattern\21.널객체패턴.cpp">
      <Filter>소스 파일\02.Cpp\OOP_Design_Pattern</Filter>
    </ClCompile>
    <ClCompile Include="..\02.Cpp\Effective_cpp\2장.생성자_소멸자_대입연산자.cpp">
      <Filter>소스 파일\02.Cpp\Effective_cpp</Filter>
    </ClCompile>
    <ClCompile Include="..\02.Cpp\Effective_cpp\1장.Cpp에_왔으면_cpp의_법을_따릅시다.cpp">
      <Filter>소스 파일\02.Cpp\Effective_cpp</Filter>
    </ClCompile>
    <ClCompile Include="..\02.Cpp\Effective_cpp\3.자원_관리.cpp">
      <Filter>소스 파일\02.Cpp\Effective_cpp</Filter>
    </ClCompile>
  </ItemGroup>
  <ItemGroup>
    <ClInclude Include="..\02.Cpp\코딩 스탠다드.h">
      <Filter>소스 파일\헤더 파일</Filter>
    </ClInclude>
  </ItemGroup>
</Project>